
Microsoft Visual Studio Solution File, Format Version 12.00
# Visual Studio 15
VisualStudioVersion = 15.0.27428.2015
MinimumVisualStudioVersion = 10.0.40219.1
Project("{8BC9CEB8-8B4A-11D0-8D11-00A0C91BC942}") = "第二学期3、1", "第二学期3、1\第二学期3、1.vcxproj", "{D500D36E-1D9C-43F6-9E72-80903B2F1E8B}"
EndProject
Global
	GlobalSection(SolutionConfigurationPlatforms) = preSolution
		Debug|x64 = Debug|x64
		Debug|x86 = Debug|x86
		Release|x64 = Release|x64
		Release|x86 = Release|x86
	EndGlobalSection
	GlobalSection(ProjectConfigurationPlatforms) = postSolution
		{D500D36E-1D9C-43F6-9E72-80903B2F1E8B}.Debug|x64.ActiveCfg = Debug|x64
		{D500D36E-1D9C-43F6-9E72-80903B2F1E8B}.Debug|x64.Build.0 = Debug|x64
		{D500D36E-1D9C-43F6-9E72-80903B2F1E8B}.Debug|x86.ActiveCfg = Debug|Win32
		{D500D36E-1D9C-43F6-9E72-80903B2F1E8B}.Debug|x86.Build.0 = Debug|Win32
		{D500D36E-1D9C-43F6-9E72-80903B2F1E8B}.Release|x64.ActiveCfg = Release|x64
		{D500D36E-1D9C-43F6-9E72-80903B2F1E8B}.Release|x64.Build.0 = Release|x64
		{D500D36E-1D9C-43F6-9E72-80903B2F1E8B}.Release|x86.ActiveCfg = Release|Win32
		{D500D36E-1D9C-43F6-9E72-80903B2F1E8B}.Release|x86.Build.0 = Release|Win32
	EndGlobalSection
	GlobalSection(SolutionProperties) = preSolution
		HideSolutionNode = FALSE
	EndGlobalSection
	GlobalSection(ExtensibilityGlobals) = postSolution
		SolutionGuid = {2CEC92C6-80C0-43CE-8231-5A04D87249A9}
	EndGlobalSection
EndGlobal
